
Microsoft Visual Studio Solution File, Format Version 12.00
# Visual Studio 15
VisualStudioVersion = 15.0.28010.2003
MinimumVisualStudioVersion = 10.0.40219.1
Project("{2150E333-8FDC-42A3-9474-1A3956D46DE8}") = "Src", "Src", "{F8345420-B785-439D-BEFA-D646712BF38C}"
EndProject
Project("{FAE04EC0-301F-11D3-BF4B-00C04F79EFBC}") = "GoodPlaces.Droid", "GoodPlaces\GoodPlaces.Droid\GoodPlaces.Droid.csproj", "{93C8B387-AB73-43A8-B89B-15007E4A157C}"
EndProject
Project("{FAE04EC0-301F-11D3-BF4B-00C04F79EFBC}") = "GoodPlaces.iOS", "GoodPlaces\GoodPlaces.iOS\GoodPlaces.iOS.csproj", "{4A15FA30-C70A-48E5-8A08-ADEBCA5BFA1F}"
EndProject
Project("{2150E333-8FDC-42A3-9474-1A3956D46DE8}") = "Tests", "Tests", "{69C9EEBA-A474-41F9-9C34-865E43BEB948}"
EndProject
Project("{FAE04EC0-301F-11D3-BF4B-00C04F79EFBC}") = "GoodPlaces.UITests", "GoodPlaces\GoodPlaces.UITests\GoodPlaces.UITests.csproj", "{87886E8A-CA29-4C61-9FC1-23480B07AA23}"
EndProject
Project("{FAE04EC0-301F-11D3-BF4B-00C04F79EFBC}") = "GoodPlaces.UnitTests", "GoodPlaces\GoodPlaces.UnitTests\GoodPlaces.UnitTests.csproj", "{94EE57B3-8706-4161-B99D-01BB5DA78F73}"
EndProject
Project("{9A19103F-16F7-4668-BE54-9A1E7A4F7556}") = "GoodPlaces.Core", "GoodPlaces\GoodPlaces.Core\GoodPlaces.Core.csproj", "{3359D3BE-1E62-4EB4-8551-DFE1818D8B8C}"
EndProject
Project("{9A19103F-16F7-4668-BE54-9A1E7A4F7556}") = "GoodPlaces.Logic", "GoodPlaces.Logic\GoodPlaces.Logic.csproj", "{00D27ED1-9D17-45B6-AE7A-F71A41451700}"
EndProject
Global
	GlobalSection(SolutionConfigurationPlatforms) = preSolution
		Ad-Hoc|Any CPU = Ad-Hoc|Any CPU
		Ad-Hoc|ARM = Ad-Hoc|ARM
		Ad-Hoc|iPhone = Ad-Hoc|iPhone
		Ad-Hoc|iPhoneSimulator = Ad-Hoc|iPhoneSimulator
		Ad-Hoc|x64 = Ad-Hoc|x64
		Ad-Hoc|x86 = Ad-Hoc|x86
		AppStore|Any CPU = AppStore|Any CPU
		AppStore|ARM = AppStore|ARM
		AppStore|iPhone = AppStore|iPhone
		AppStore|iPhoneSimulator = AppStore|iPhoneSimulator
		AppStore|x64 = AppStore|x64
		AppStore|x86 = AppStore|x86
		Debug|Any CPU = Debug|Any CPU
		Debug|ARM = Debug|ARM
		Debug|iPhone = Debug|iPhone
		Debug|iPhoneSimulator = Debug|iPhoneSimulator
		Debug|x64 = Debug|x64
		Debug|x86 = Debug|x86
		Release|Any CPU = Release|Any CPU
		Release|ARM = Release|ARM
		Release|iPhone = Release|iPhone
		Release|iPhoneSimulator = Release|iPhoneSimulator
		Release|x64 = Release|x64
		Release|x86 = Release|x86
	EndGlobalSection
	GlobalSection(ProjectConfigurationPlatforms) = postSolution
		{93C8B387-AB73-43A8-B89B-15007E4A157C}.Ad-Hoc|Any CPU.ActiveCfg = Release|Any CPU
		{93C8B387-AB73-43A8-B89B-15007E4A157C}.Ad-Hoc|Any CPU.Build.0 = Release|Any CPU
		{93C8B387-AB73-43A8-B89B-15007E4A157C}.Ad-Hoc|Any CPU.Deploy.0 = Release|Any CPU
		{93C8B387-AB73-43A8-B89B-15007E4A157C}.Ad-Hoc|ARM.ActiveCfg = Release|Any CPU
		{93C8B387-AB73-43A8-B89B-15007E4A157C}.Ad-Hoc|ARM.Build.0 = Release|Any CPU
		{93C8B387-AB73-43A8-B89B-15007E4A157C}.Ad-Hoc|ARM.Deploy.0 = Release|Any CPU
		{93C8B387-AB73-43A8-B89B-15007E4A157C}.Ad-Hoc|iPhone.ActiveCfg = Release|Any CPU
		{93C8B387-AB73-43A8-B89B-15007E4A157C}.Ad-Hoc|iPhone.Build.0 = Release|Any CPU
		{93C8B387-AB73-43A8-B89B-15007E4A157C}.Ad-Hoc|iPhone.Deploy.0 = Release|Any CPU
		{93C8B387-AB73-43A8-B89B-15007E4A157C}.Ad-Hoc|iPhoneSimulator.ActiveCfg = Release|Any CPU
		{93C8B387-AB73-43A8-B89B-15007E4A157C}.Ad-Hoc|iPhoneSimulator.Build.0 = Release|Any CPU
		{93C8B387-AB73-43A8-B89B-15007E4A157C}.Ad-Hoc|iPhoneSimulator.Deploy.0 = Release|Any CPU
		{93C8B387-AB73-43A8-B89B-15007E4A157C}.Ad-Hoc|x64.ActiveCfg = Release|Any CPU
		{93C8B387-AB73-43A8-B89B-15007E4A157C}.Ad-Hoc|x64.Build.0 = Release|Any CPU
		{93C8B387-AB73-43A8-B89B-15007E4A157C}.Ad-Hoc|x64.Deploy.0 = Release|Any CPU
		{93C8B387-AB73-43A8-B89B-15007E4A157C}.Ad-Hoc|x86.ActiveCfg = Release|Any CPU
		{93C8B387-AB73-43A8-B89B-15007E4A157C}.Ad-Hoc|x86.Build.0 = Release|Any CPU
		{93C8B387-AB73-43A8-B89B-15007E4A157C}.Ad-Hoc|x86.Deploy.0 = Release|Any CPU
		{93C8B387-AB73-43A8-B89B-15007E4A157C}.AppStore|Any CPU.ActiveCfg = Release|Any CPU
		{93C8B387-AB73-43A8-B89B-15007E4A157C}.AppStore|Any CPU.Build.0 = Release|Any CPU
		{93C8B387-AB73-43A8-B89B-15007E4A157C}.AppStore|Any CPU.Deploy.0 = Release|Any CPU
		{93C8B387-AB73-43A8-B89B-15007E4A157C}.AppStore|ARM.ActiveCfg = Release|Any CPU
		{93C8B387-AB73-43A8-B89B-15007E4A157C}.AppStore|ARM.Build.0 = Release|Any CPU
		{93C8B387-AB73-43A8-B89B-15007E4A157C}.AppStore|ARM.Deploy.0 = Release|Any CPU
		{93C8B387-AB73-43A8-B89B-15007E4A157C}.AppStore|iPhone.ActiveCfg = Release|Any CPU
		{93C8B387-AB73-43A8-B89B-15007E4A157C}.AppStore|iPhone.Build.0 = Release|Any CPU
		{93C8B387-AB73-43A8-B89B-15007E4A157C}.AppStore|iPhone.Deploy.0 = Release|Any CPU
		{93C8B387-AB73-43A8-B89B-15007E4A157C}.AppStore|iPhoneSimulator.ActiveCfg = Release|Any CPU
		{93C8B387-AB73-43A8-B89B-15007E4A157C}.AppStore|iPhoneSimulator.Build.0 = Release|Any CPU
		{93C8B387-AB73-43A8-B89B-15007E4A157C}.AppStore|iPhoneSimulator.Deploy.0 = Release|Any CPU
		{93C8B387-AB73-43A8-B89B-15007E4A157C}.AppStore|x64.ActiveCfg = Release|Any CPU
		{93C8B387-AB73-43A8-B89B-15007E4A157C}.AppStore|x64.Build.0 = Release|Any CPU
		{93C8B387-AB73-43A8-B89B-15007E4A157C}.AppStore|x64.Deploy.0 = Release|Any CPU
		{93C8B387-AB73-43A8-B89B-15007E4A157C}.AppStore|x86.ActiveCfg = Release|Any CPU
		{93C8B387-AB73-43A8-B89B-15007E4A157C}.AppStore|x86.Build.0 = Release|Any CPU
		{93C8B387-AB73-43A8-B89B-15007E4A157C}.AppStore|x86.Deploy.0 = Release|Any CPU
		{93C8B387-AB73-43A8-B89B-15007E4A157C}.Debug|Any CPU.ActiveCfg = Debug|Any CPU
		{93C8B387-AB73-43A8-B89B-15007E4A157C}.Debug|Any CPU.Build.0 = Debug|Any CPU
		{93C8B387-AB73-43A8-B89B-15007E4A157C}.Debug|Any CPU.Deploy.0 = Debug|Any CPU
		{93C8B387-AB73-43A8-B89B-15007E4A157C}.Debug|ARM.ActiveCfg = Debug|Any CPU
		{93C8B387-AB73-43A8-B89B-15007E4A157C}.Debug|ARM.Build.0 = Debug|Any CPU
		{93C8B387-AB73-43A8-B89B-15007E4A157C}.Debug|ARM.Deploy.0 = Debug|Any CPU
		{93C8B387-AB73-43A8-B89B-15007E4A157C}.Debug|iPhone.ActiveCfg = Debug|Any CPU
		{93C8B387-AB73-43A8-B89B-15007E4A157C}.Debug|iPhone.Build.0 = Debug|Any CPU
		{93C8B387-AB73-43A8-B89B-15007E4A157C}.Debug|iPhone.Deploy.0 = Debug|Any CPU
		{93C8B387-AB73-43A8-B89B-15007E4A157C}.Debug|iPhoneSimulator.ActiveCfg = Debug|Any CPU
		{93C8B387-AB73-43A8-B89B-15007E4A157C}.Debug|iPhoneSimulator.Build.0 = Debug|Any CPU
		{93C8B387-AB73-43A8-B89B-15007E4A157C}.Debug|iPhoneSimulator.Deploy.0 = Debug|Any CPU
		{93C8B387-AB73-43A8-B89B-15007E4A157C}.Debug|x64.ActiveCfg = Debug|Any CPU
		{93C8B387-AB73-43A8-B89B-15007E4A157C}.Debug|x64.Build.0 = Debug|Any CPU
		{93C8B387-AB73-43A8-B89B-15007E4A157C}.Debug|x64.Deploy.0 = Debug|Any CPU
		{93C8B387-AB73-43A8-B89B-15007E4A157C}.Debug|x86.ActiveCfg = Debug|Any CPU
		{93C8B387-AB73-43A8-B89B-15007E4A157C}.Debug|x86.Build.0 = Debug|Any CPU
		{93C8B387-AB73-43A8-B89B-15007E4A157C}.Debug|x86.Deploy.0 = Debug|Any CPU
		{93C8B387-AB73-43A8-B89B-15007E4A157C}.Release|Any CPU.ActiveCfg = Release|Any CPU
		{93C8B387-AB73-43A8-B89B-15007E4A157C}.Release|Any CPU.Build.0 = Release|Any CPU
		{93C8B387-AB73-43A8-B89B-15007E4A157C}.Release|Any CPU.Deploy.0 = Release|Any CPU
		{93C8B387-AB73-43A8-B89B-15007E4A157C}.Release|ARM.ActiveCfg = Release|Any CPU
		{93C8B387-AB73-43A8-B89B-15007E4A157C}.Release|ARM.Build.0 = Release|Any CPU
		{93C8B387-AB73-43A8-B89B-15007E4A157C}.Release|ARM.Deploy.0 = Release|Any CPU
		{93C8B387-AB73-43A8-B89B-15007E4A157C}.Release|iPhone.ActiveCfg = Release|Any CPU
		{93C8B387-AB73-43A8-B89B-15007E4A157C}.Release|iPhone.Build.0 = Release|Any CPU
		{93C8B387-AB73-43A8-B89B-15007E4A157C}.Release|iPhone.Deploy.0 = Release|Any CPU
		{93C8B387-AB73-43A8-B89B-15007E4A157C}.Release|iPhoneSimulator.ActiveCfg = Release|Any CPU
		{93C8B387-AB73-43A8-B89B-15007E4A157C}.Release|iPhoneSimulator.Build.0 = Release|Any CPU
		{93C8B387-AB73-43A8-B89B-15007E4A157C}.Release|iPhoneSimulator.Deploy.0 = Release|Any CPU
		{93C8B387-AB73-43A8-B89B-15007E4A157C}.Release|x64.ActiveCfg = Release|Any CPU
		{93C8B387-AB73-43A8-B89B-15007E4A157C}.Release|x64.Build.0 = Release|Any CPU
		{93C8B387-AB73-43A8-B89B-15007E4A157C}.Release|x64.Deploy.0 = Release|Any CPU
		{93C8B387-AB73-43A8-B89B-15007E4A157C}.Release|x86.ActiveCfg = Release|Any CPU
		{93C8B387-AB73-43A8-B89B-15007E4A157C}.Release|x86.Build.0 = Release|Any CPU
		{93C8B387-AB73-43A8-B89B-15007E4A157C}.Release|x86.Deploy.0 = Release|Any CPU
		{4A15FA30-C70A-48E5-8A08-ADEBCA5BFA1F}.Ad-Hoc|Any CPU.ActiveCfg = Ad-Hoc|iPhone
		{4A15FA30-C70A-48E5-8A08-ADEBCA5BFA1F}.Ad-Hoc|ARM.ActiveCfg = Ad-Hoc|iPhone
		{4A15FA30-C70A-48E5-8A08-ADEBCA5BFA1F}.Ad-Hoc|iPhone.ActiveCfg = Ad-Hoc|iPhone
		{4A15FA30-C70A-48E5-8A08-ADEBCA5BFA1F}.Ad-Hoc|iPhone.Build.0 = Ad-Hoc|iPhone
		{4A15FA30-C70A-48E5-8A08-ADEBCA5BFA1F}.Ad-Hoc|iPhoneSimulator.ActiveCfg = Ad-Hoc|iPhoneSimulator
		{4A15FA30-C70A-48E5-8A08-ADEBCA5BFA1F}.Ad-Hoc|iPhoneSimulator.Build.0 = Ad-Hoc|iPhoneSimulator
		{4A15FA30-C70A-48E5-8A08-ADEBCA5BFA1F}.Ad-Hoc|x64.ActiveCfg = Ad-Hoc|iPhone
		{4A15FA30-C70A-48E5-8A08-ADEBCA5BFA1F}.Ad-Hoc|x86.ActiveCfg = Ad-Hoc|iPhone
		{4A15FA30-C70A-48E5-8A08-ADEBCA5BFA1F}.AppStore|Any CPU.ActiveCfg = AppStore|iPhone
		{4A15FA30-C70A-48E5-8A08-ADEBCA5BFA1F}.AppStore|ARM.ActiveCfg = AppStore|iPhone
		{4A15FA30-C70A-48E5-8A08-ADEBCA5BFA1F}.AppStore|iPhone.ActiveCfg = AppStore|iPhone
		{4A15FA30-C70A-48E5-8A08-ADEBCA5BFA1F}.AppStore|iPhone.Build.0 = AppStore|iPhone
		{4A15FA30-C70A-48E5-8A08-ADEBCA5BFA1F}.AppStore|iPhoneSimulator.ActiveCfg = AppStore|iPhoneSimulator
		{4A15FA30-C70A-48E5-8A08-ADEBCA5BFA1F}.AppStore|iPhoneSimulator.Build.0 = AppStore|iPhoneSimulator
		{4A15FA30-C70A-48E5-8A08-ADEBCA5BFA1F}.AppStore|x64.ActiveCfg = AppStore|iPhone
		{4A15FA30-C70A-48E5-8A08-ADEBCA5BFA1F}.AppStore|x86.ActiveCfg = AppStore|iPhone
		{4A15FA30-C70A-48E5-8A08-ADEBCA5BFA1F}.Debug|Any CPU.ActiveCfg = Debug|iPhone
		{4A15FA30-C70A-48E5-8A08-ADEBCA5BFA1F}.Debug|ARM.ActiveCfg = Debug|iPhone
		{4A15FA30-C70A-48E5-8A08-ADEBCA5BFA1F}.Debug|iPhone.ActiveCfg = Debug|iPhone
		{4A15FA30-C70A-48E5-8A08-ADEBCA5BFA1F}.Debug|iPhone.Build.0 = Debug|iPhone
		{4A15FA30-C70A-48E5-8A08-ADEBCA5BFA1F}.Debug|iPhoneSimulator.ActiveCfg = Debug|iPhoneSimulator
		{4A15FA30-C70A-48E5-8A08-ADEBCA5BFA1F}.Debug|iPhoneSimulator.Build.0 = Debug|iPhoneSimulator
		{4A15FA30-C70A-48E5-8A08-ADEBCA5BFA1F}.Debug|x64.ActiveCfg = Debug|iPhone
		{4A15FA30-C70A-48E5-8A08-ADEBCA5BFA1F}.Debug|x86.ActiveCfg = Debug|iPhone
		{4A15FA30-C70A-48E5-8A08-ADEBCA5BFA1F}.Release|Any CPU.ActiveCfg = Release|iPhone
		{4A15FA30-C70A-48E5-8A08-ADEBCA5BFA1F}.Release|ARM.ActiveCfg = Release|iPhone
		{4A15FA30-C70A-48E5-8A08-ADEBCA5BFA1F}.Release|iPhone.ActiveCfg = Release|iPhone
		{4A15FA30-C70A-48E5-8A08-ADEBCA5BFA1F}.Release|iPhone.Build.0 = Release|iPhone
		{4A15FA30-C70A-48E5-8A08-ADEBCA5BFA1F}.Release|iPhoneSimulator.ActiveCfg = Release|iPhoneSimulator
		{4A15FA30-C70A-48E5-8A08-ADEBCA5BFA1F}.Release|iPhoneSimulator.Build.0 = Release|iPhoneSimulator
		{4A15FA30-C70A-48E5-8A08-ADEBCA5BFA1F}.Release|x64.ActiveCfg = Release|iPhone
		{4A15FA30-C70A-48E5-8A08-ADEBCA5BFA1F}.Release|x86.ActiveCfg = Release|iPhone
		{87886E8A-CA29-4C61-9FC1-23480B07AA23}.Ad-Hoc|Any CPU.ActiveCfg = Release|Any CPU
		{87886E8A-CA29-4C61-9FC1-23480B07AA23}.Ad-Hoc|Any CPU.Build.0 = Release|Any CPU
		{87886E8A-CA29-4C61-9FC1-23480B07AA23}.Ad-Hoc|ARM.ActiveCfg = Release|Any CPU
		{87886E8A-CA29-4C61-9FC1-23480B07AA23}.Ad-Hoc|ARM.Build.0 = Release|Any CPU
		{87886E8A-CA29-4C61-9FC1-23480B07AA23}.Ad-Hoc|iPhone.ActiveCfg = Release|Any CPU
		{87886E8A-CA29-4C61-9FC1-23480B07AA23}.Ad-Hoc|iPhone.Build.0 = Release|Any CPU
		{87886E8A-CA29-4C61-9FC1-23480B07AA23}.Ad-Hoc|iPhoneSimulator.ActiveCfg = Release|Any CPU
		{87886E8A-CA29-4C61-9FC1-23480B07AA23}.Ad-Hoc|iPhoneSimulator.Build.0 = Release|Any CPU
		{87886E8A-CA29-4C61-9FC1-23480B07AA23}.Ad-Hoc|x64.ActiveCfg = Release|Any CPU
		{87886E8A-CA29-4C61-9FC1-23480B07AA23}.Ad-Hoc|x64.Build.0 = Release|Any CPU
		{87886E8A-CA29-4C61-9FC1-23480B07AA23}.Ad-Hoc|x86.ActiveCfg = Release|Any CPU
		{87886E8A-CA29-4C61-9FC1-23480B07AA23}.Ad-Hoc|x86.Build.0 = Release|Any CPU
		{87886E8A-CA29-4C61-9FC1-23480B07AA23}.AppStore|Any CPU.ActiveCfg = Release|Any CPU
		{87886E8A-CA29-4C61-9FC1-23480B07AA23}.AppStore|Any CPU.Build.0 = Release|Any CPU
		{87886E8A-CA29-4C61-9FC1-23480B07AA23}.AppStore|ARM.ActiveCfg = Release|Any CPU
		{87886E8A-CA29-4C61-9FC1-23480B07AA23}.AppStore|ARM.Build.0 = Release|Any CPU
		{87886E8A-CA29-4C61-9FC1-23480B07AA23}.AppStore|iPhone.ActiveCfg = Release|Any CPU
		{87886E8A-CA29-4C61-9FC1-23480B07AA23}.AppStore|iPhone.Build.0 = Release|Any CPU
		{87886E8A-CA29-4C61-9FC1-23480B07AA23}.AppStore|iPhoneSimulator.ActiveCfg = Release|Any CPU
		{87886E8A-CA29-4C61-9FC1-23480B07AA23}.AppStore|iPhoneSimulator.Build.0 = Release|Any CPU
		{87886E8A-CA29-4C61-9FC1-23480B07AA23}.AppStore|x64.ActiveCfg = Release|Any CPU
		{87886E8A-CA29-4C61-9FC1-23480B07AA23}.AppStore|x64.Build.0 = Release|Any CPU
		{87886E8A-CA29-4C61-9FC1-23480B07AA23}.AppStore|x86.ActiveCfg = Release|Any CPU
		{87886E8A-CA29-4C61-9FC1-23480B07AA23}.AppStore|x86.Build.0 = Release|Any CPU
		{87886E8A-CA29-4C61-9FC1-23480B07AA23}.Debug|Any CPU.ActiveCfg = Debug|Any CPU
		{87886E8A-CA29-4C61-9FC1-23480B07AA23}.Debug|Any CPU.Build.0 = Debug|Any CPU
		{87886E8A-CA29-4C61-9FC1-23480B07AA23}.Debug|ARM.ActiveCfg = Debug|Any CPU
		{87886E8A-CA29-4C61-9FC1-23480B07AA23}.Debug|ARM.Build.0 = Debug|Any CPU
		{87886E8A-CA29-4C61-9FC1-23480B07AA23}.Debug|iPhone.ActiveCfg = Debug|Any CPU
		{87886E8A-CA29-4C61-9FC1-23480B07AA23}.Debug|iPhone.Build.0 = Debug|Any CPU
		{87886E8A-CA29-4C61-9FC1-23480B07AA23}.Debug|iPhoneSimulator.ActiveCfg = Debug|Any CPU
		{87886E8A-CA29-4C61-9FC1-23480B07AA23}.Debug|iPhoneSimulator.Build.0 = Debug|Any CPU
		{87886E8A-CA29-4C61-9FC1-23480B07AA23}.Debug|x64.ActiveCfg = Debug|Any CPU
		{87886E8A-CA29-4C61-9FC1-23480B07AA23}.Debug|x64.Build.0 = Debug|Any CPU
		{87886E8A-CA29-4C61-9FC1-23480B07AA23}.Debug|x86.ActiveCfg = Debug|Any CPU
		{87886E8A-CA29-4C61-9FC1-23480B07AA23}.Debug|x86.Build.0 = Debug|Any CPU
		{87886E8A-CA29-4C61-9FC1-23480B07AA23}.Release|Any CPU.ActiveCfg = Release|Any CPU
		{87886E8A-CA29-4C61-9FC1-23480B07AA23}.Release|Any CPU.Build.0 = Release|Any CPU
		{87886E8A-CA29-4C61-9FC1-23480B07AA23}.Release|ARM.ActiveCfg = Release|Any CPU
		{87886E8A-CA29-4C61-9FC1-23480B07AA23}.Release|ARM.Build.0 = Release|Any CPU
		{87886E8A-CA29-4C61-9FC1-23480B07AA23}.Release|iPhone.ActiveCfg = Release|Any CPU
		{87886E8A-CA29-4C61-9FC1-23480B07AA23}.Release|iPhone.Build.0 = Release|Any CPU
		{87886E8A-CA29-4C61-9FC1-23480B07AA23}.Release|iPhoneSimulator.ActiveCfg = Release|Any CPU
		{87886E8A-CA29-4C61-9FC1-23480B07AA23}.Release|iPhoneSimulator.Build.0 = Release|Any CPU
		{87886E8A-CA29-4C61-9FC1-23480B07AA23}.Release|x64.ActiveCfg = Release|Any CPU
		{87886E8A-CA29-4C61-9FC1-23480B07AA23}.Release|x64.Build.0 = Release|Any CPU
		{87886E8A-CA29-4C61-9FC1-23480B07AA23}.Release|x86.ActiveCfg = Release|Any CPU
		{87886E8A-CA29-4C61-9FC1-23480B07AA23}.Release|x86.Build.0 = Release|Any CPU
		{94EE57B3-8706-4161-B99D-01BB5DA78F73}.Ad-Hoc|Any CPU.ActiveCfg = Release|Any CPU
		{94EE57B3-8706-4161-B99D-01BB5DA78F73}.Ad-Hoc|Any CPU.Build.0 = Release|Any CPU
		{94EE57B3-8706-4161-B99D-01BB5DA78F73}.Ad-Hoc|ARM.ActiveCfg = Release|Any CPU
		{94EE57B3-8706-4161-B99D-01BB5DA78F73}.Ad-Hoc|ARM.Build.0 = Release|Any CPU
		{94EE57B3-8706-4161-B99D-01BB5DA78F73}.Ad-Hoc|iPhone.ActiveCfg = Release|Any CPU
		{94EE57B3-8706-4161-B99D-01BB5DA78F73}.Ad-Hoc|iPhone.Build.0 = Release|Any CPU
		{94EE57B3-8706-4161-B99D-01BB5DA78F73}.Ad-Hoc|iPhoneSimulator.ActiveCfg = Release|Any CPU
		{94EE57B3-8706-4161-B99D-01BB5DA78F73}.Ad-Hoc|iPhoneSimulator.Build.0 = Release|Any CPU
		{94EE57B3-8706-4161-B99D-01BB5DA78F73}.Ad-Hoc|x64.ActiveCfg = Release|Any CPU
		{94EE57B3-8706-4161-B99D-01BB5DA78F73}.Ad-Hoc|x64.Build.0 = Release|Any CPU
		{94EE57B3-8706-4161-B99D-01BB5DA78F73}.Ad-Hoc|x86.ActiveCfg = Release|Any CPU
		{94EE57B3-8706-4161-B99D-01BB5DA78F73}.Ad-Hoc|x86.Build.0 = Release|Any CPU
		{94EE57B3-8706-4161-B99D-01BB5DA78F73}.AppStore|Any CPU.ActiveCfg = Release|Any CPU
		{94EE57B3-8706-4161-B99D-01BB5DA78F73}.AppStore|Any CPU.Build.0 = Release|Any CPU
		{94EE57B3-8706-4161-B99D-01BB5DA78F73}.AppStore|ARM.ActiveCfg = Release|Any CPU
		{94EE57B3-8706-4161-B99D-01BB5DA78F73}.AppStore|ARM.Build.0 = Release|Any CPU
		{94EE57B3-8706-4161-B99D-01BB5DA78F73}.AppStore|iPhone.ActiveCfg = Release|Any CPU
		{94EE57B3-8706-4161-B99D-01BB5DA78F73}.AppStore|iPhone.Build.0 = Release|Any CPU
		{94EE57B3-8706-4161-B99D-01BB5DA78F73}.AppStore|iPhoneSimulator.ActiveCfg = Release|Any CPU
		{94EE57B3-8706-4161-B99D-01BB5DA78F73}.AppStore|iPhoneSimulator.Build.0 = Release|Any CPU
		{94EE57B3-8706-4161-B99D-01BB5DA78F73}.AppStore|x64.ActiveCfg = Release|Any CPU
		{94EE57B3-8706-4161-B99D-01BB5DA78F73}.AppStore|x64.Build.0 = Release|Any CPU
		{94EE57B3-8706-4161-B99D-01BB5DA78F73}.AppStore|x86.ActiveCfg = Release|Any CPU
		{94EE57B3-8706-4161-B99D-01BB5DA78F73}.AppStore|x86.Build.0 = Release|Any CPU
		{94EE57B3-8706-4161-B99D-01BB5DA78F73}.Debug|Any CPU.ActiveCfg = Debug|Any CPU
		{94EE57B3-8706-4161-B99D-01BB5DA78F73}.Debug|Any CPU.Build.0 = Debug|Any CPU
		{94EE57B3-8706-4161-B99D-01BB5DA78F73}.Debug|ARM.ActiveCfg = Debug|Any CPU
		{94EE57B3-8706-4161-B99D-01BB5DA78F73}.Debug|ARM.Build.0 = Debug|Any CPU
		{94EE57B3-8706-4161-B99D-01BB5DA78F73}.Debug|iPhone.ActiveCfg = Debug|Any CPU
		{94EE57B3-8706-4161-B99D-01BB5DA78F73}.Debug|iPhone.Build.0 = Debug|Any CPU
		{94EE57B3-8706-4161-B99D-01BB5DA78F73}.Debug|iPhoneSimulator.ActiveCfg = Debug|Any CPU
		{94EE57B3-8706-4161-B99D-01BB5DA78F73}.Debug|iPhoneSimulator.Build.0 = Debug|Any CPU
		{94EE57B3-8706-4161-B99D-01BB5DA78F73}.Debug|x64.ActiveCfg = Debug|Any CPU
		{94EE57B3-8706-4161-B99D-01BB5DA78F73}.Debug|x64.Build.0 = Debug|Any CPU
		{94EE57B3-8706-4161-B99D-01BB5DA78F73}.Debug|x86.ActiveCfg = Debug|Any CPU
		{94EE57B3-8706-4161-B99D-01BB5DA78F73}.Debug|x86.Build.0 = Debug|Any CPU
		{94EE57B3-8706-4161-B99D-01BB5DA78F73}.Release|Any CPU.ActiveCfg = Release|Any CPU
		{94EE57B3-8706-4161-B99D-01BB5DA78F73}.Release|Any CPU.Build.0 = Release|Any CPU
		{94EE57B3-8706-4161-B99D-01BB5DA78F73}.Release|ARM.ActiveCfg = Release|Any CPU
		{94EE57B3-8706-4161-B99D-01BB5DA78F73}.Release|ARM.Build.0 = Release|Any CPU
		{94EE57B3-8706-4161-B99D-01BB5DA78F73}.Release|iPhone.ActiveCfg = Release|Any CPU
		{94EE57B3-8706-4161-B99D-01BB5DA78F73}.Release|iPhone.Build.0 = Release|Any CPU
		{94EE57B3-8706-4161-B99D-01BB5DA78F73}.Release|iPhoneSimulator.ActiveCfg = Release|Any CPU
		{94EE57B3-8706-4161-B99D-01BB5DA78F73}.Release|iPhoneSimulator.Build.0 = Release|Any CPU
		{94EE57B3-8706-4161-B99D-01BB5DA78F73}.Release|x64.ActiveCfg = Release|Any CPU
		{94EE57B3-8706-4161-B99D-01BB5DA78F73}.Release|x64.Build.0 = Release|Any CPU
		{94EE57B3-8706-4161-B99D-01BB5DA78F73}.Release|x86.ActiveCfg = Release|Any CPU
		{94EE57B3-8706-4161-B99D-01BB5DA78F73}.Release|x86.Build.0 = Release|Any CPU
		{3359D3BE-1E62-4EB4-8551-DFE1818D8B8C}.Ad-Hoc|Any CPU.ActiveCfg = Debug|Any CPU
		{3359D3BE-1E62-4EB4-8551-DFE1818D8B8C}.Ad-Hoc|Any CPU.Build.0 = Debug|Any CPU
		{3359D3BE-1E62-4EB4-8551-DFE1818D8B8C}.Ad-Hoc|ARM.ActiveCfg = Debug|Any CPU
		{3359D3BE-1E62-4EB4-8551-DFE1818D8B8C}.Ad-Hoc|ARM.Build.0 = Debug|Any CPU
		{3359D3BE-1E62-4EB4-8551-DFE1818D8B8C}.Ad-Hoc|iPhone.ActiveCfg = Debug|Any CPU
		{3359D3BE-1E62-4EB4-8551-DFE1818D8B8C}.Ad-Hoc|iPhone.Build.0 = Debug|Any CPU
		{3359D3BE-1E62-4EB4-8551-DFE1818D8B8C}.Ad-Hoc|iPhoneSimulator.ActiveCfg = Debug|Any CPU
		{3359D3BE-1E62-4EB4-8551-DFE1818D8B8C}.Ad-Hoc|iPhoneSimulator.Build.0 = Debug|Any CPU
		{3359D3BE-1E62-4EB4-8551-DFE1818D8B8C}.Ad-Hoc|x64.ActiveCfg = Debug|Any CPU
		{3359D3BE-1E62-4EB4-8551-DFE1818D8B8C}.Ad-Hoc|x64.Build.0 = Debug|Any CPU
		{3359D3BE-1E62-4EB4-8551-DFE1818D8B8C}.Ad-Hoc|x86.ActiveCfg = Debug|Any CPU
		{3359D3BE-1E62-4EB4-8551-DFE1818D8B8C}.Ad-Hoc|x86.Build.0 = Debug|Any CPU
		{3359D3BE-1E62-4EB4-8551-DFE1818D8B8C}.AppStore|Any CPU.ActiveCfg = Debug|Any CPU
		{3359D3BE-1E62-4EB4-8551-DFE1818D8B8C}.AppStore|Any CPU.Build.0 = Debug|Any CPU
		{3359D3BE-1E62-4EB4-8551-DFE1818D8B8C}.AppStore|ARM.ActiveCfg = Debug|Any CPU
		{3359D3BE-1E62-4EB4-8551-DFE1818D8B8C}.AppStore|ARM.Build.0 = Debug|Any CPU
		{3359D3BE-1E62-4EB4-8551-DFE1818D8B8C}.AppStore|iPhone.ActiveCfg = Debug|Any CPU
		{3359D3BE-1E62-4EB4-8551-DFE1818D8B8C}.AppStore|iPhone.Build.0 = Debug|Any CPU
		{3359D3BE-1E62-4EB4-8551-DFE1818D8B8C}.AppStore|iPhoneSimulator.ActiveCfg = Debug|Any CPU
		{3359D3BE-1E62-4EB4-8551-DFE1818D8B8C}.AppStore|iPhoneSimulator.Build.0 = Debug|Any CPU
		{3359D3BE-1E62-4EB4-8551-DFE1818D8B8C}.AppStore|x64.ActiveCfg = Debug|Any CPU
		{3359D3BE-1E62-4EB4-8551-DFE1818D8B8C}.AppStore|x64.Build.0 = Debug|Any CPU
		{3359D3BE-1E62-4EB4-8551-DFE1818D8B8C}.AppStore|x86.ActiveCfg = Debug|Any CPU
		{3359D3BE-1E62-4EB4-8551-DFE1818D8B8C}.AppStore|x86.Build.0 = Debug|Any CPU
		{3359D3BE-1E62-4EB4-8551-DFE1818D8B8C}.Debug|Any CPU.ActiveCfg = Debug|Any CPU
		{3359D3BE-1E62-4EB4-8551-DFE1818D8B8C}.Debug|Any CPU.Build.0 = Debug|Any CPU
		{3359D3BE-1E62-4EB4-8551-DFE1818D8B8C}.Debug|ARM.ActiveCfg = Debug|Any CPU
		{3359D3BE-1E62-4EB4-8551-DFE1818D8B8C}.Debug|ARM.Build.0 = Debug|Any CPU
		{3359D3BE-1E62-4EB4-8551-DFE1818D8B8C}.Debug|iPhone.ActiveCfg = Debug|Any CPU
		{3359D3BE-1E62-4EB4-8551-DFE1818D8B8C}.Debug|iPhone.Build.0 = Debug|Any CPU
		{3359D3BE-1E62-4EB4-8551-DFE1818D8B8C}.Debug|iPhoneSimulator.ActiveCfg = Debug|Any CPU
		{3359D3BE-1E62-4EB4-8551-DFE1818D8B8C}.Debug|iPhoneSimulator.Build.0 = Debug|Any CPU
		{3359D3BE-1E62-4EB4-8551-DFE1818D8B8C}.Debug|x64.ActiveCfg = Debug|Any CPU
		{3359D3BE-1E62-4EB4-8551-DFE1818D8B8C}.Debug|x64.Build.0 = Debug|Any CPU
		{3359D3BE-1E62-4EB4-8551-DFE1818D8B8C}.Debug|x86.ActiveCfg = Debug|Any CPU
		{3359D3BE-1E62-4EB4-8551-DFE1818D8B8C}.Debug|x86.Build.0 = Debug|Any CPU
		{3359D3BE-1E62-4EB4-8551-DFE1818D8B8C}.Release|Any CPU.ActiveCfg = Release|Any CPU
		{3359D3BE-1E62-4EB4-8551-DFE1818D8B8C}.Release|Any CPU.Build.0 = Release|Any CPU
		{3359D3BE-1E62-4EB4-8551-DFE1818D8B8C}.Release|ARM.ActiveCfg = Release|Any CPU
		{3359D3BE-1E62-4EB4-8551-DFE1818D8B8C}.Release|ARM.Build.0 = Release|Any CPU
		{3359D3BE-1E62-4EB4-8551-DFE1818D8B8C}.Release|iPhone.ActiveCfg = Release|Any CPU
		{3359D3BE-1E62-4EB4-8551-DFE1818D8B8C}.Release|iPhone.Build.0 = Release|Any CPU
		{3359D3BE-1E62-4EB4-8551-DFE1818D8B8C}.Release|iPhoneSimulator.ActiveCfg = Release|Any CPU
		{3359D3BE-1E62-4EB4-8551-DFE1818D8B8C}.Release|iPhoneSimulator.Build.0 = Release|Any CPU
		{3359D3BE-1E62-4EB4-8551-DFE1818D8B8C}.Release|x64.ActiveCfg = Release|Any CPU
		{3359D3BE-1E62-4EB4-8551-DFE1818D8B8C}.Release|x64.Build.0 = Release|Any CPU
		{3359D3BE-1E62-4EB4-8551-DFE1818D8B8C}.Release|x86.ActiveCfg = Release|Any CPU
		{3359D3BE-1E62-4EB4-8551-DFE1818D8B8C}.Release|x86.Build.0 = Release|Any CPU
		{00D27ED1-9D17-45B6-AE7A-F71A41451700}.Ad-Hoc|Any CPU.ActiveCfg = Debug|Any CPU
		{00D27ED1-9D17-45B6-AE7A-F71A41451700}.Ad-Hoc|Any CPU.Build.0 = Debug|Any CPU
		{00D27ED1-9D17-45B6-AE7A-F71A41451700}.Ad-Hoc|ARM.ActiveCfg = Debug|Any CPU
		{00D27ED1-9D17-45B6-AE7A-F71A41451700}.Ad-Hoc|ARM.Build.0 = Debug|Any CPU
		{00D27ED1-9D17-45B6-AE7A-F71A41451700}.Ad-Hoc|iPhone.ActiveCfg = Debug|Any CPU
		{00D27ED1-9D17-45B6-AE7A-F71A41451700}.Ad-Hoc|iPhone.Build.0 = Debug|Any CPU
		{00D27ED1-9D17-45B6-AE7A-F71A41451700}.Ad-Hoc|iPhoneSimulator.ActiveCfg = Debug|Any CPU
		{00D27ED1-9D17-45B6-AE7A-F71A41451700}.Ad-Hoc|iPhoneSimulator.Build.0 = Debug|Any CPU
		{00D27ED1-9D17-45B6-AE7A-F71A41451700}.Ad-Hoc|x64.ActiveCfg = Debug|Any CPU
		{00D27ED1-9D17-45B6-AE7A-F71A41451700}.Ad-Hoc|x64.Build.0 = Debug|Any CPU
		{00D27ED1-9D17-45B6-AE7A-F71A41451700}.Ad-Hoc|x86.ActiveCfg = Debug|Any CPU
		{00D27ED1-9D17-45B6-AE7A-F71A41451700}.Ad-Hoc|x86.Build.0 = Debug|Any CPU
		{00D27ED1-9D17-45B6-AE7A-F71A41451700}.AppStore|Any CPU.ActiveCfg = Debug|Any CPU
		{00D27ED1-9D17-45B6-AE7A-F71A41451700}.AppStore|Any CPU.Build.0 = Debug|Any CPU
		{00D27ED1-9D17-45B6-AE7A-F71A41451700}.AppStore|ARM.ActiveCfg = Debug|Any CPU
		{00D27ED1-9D17-45B6-AE7A-F71A41451700}.AppStore|ARM.Build.0 = Debug|Any CPU
		{00D27ED1-9D17-45B6-AE7A-F71A41451700}.AppStore|iPhone.ActiveCfg = Debug|Any CPU
		{00D27ED1-9D17-45B6-AE7A-F71A41451700}.AppStore|iPhone.Build.0 = Debug|Any CPU
		{00D27ED1-9D17-45B6-AE7A-F71A41451700}.AppStore|iPhoneSimulator.ActiveCfg = Debug|Any CPU
		{00D27ED1-9D17-45B6-AE7A-F71A41451700}.AppStore|iPhoneSimulator.Build.0 = Debug|Any CPU
		{00D27ED1-9D17-45B6-AE7A-F71A41451700}.AppStore|x64.ActiveCfg = Debug|Any CPU
		{00D27ED1-9D17-45B6-AE7A-F71A41451700}.AppStore|x64.Build.0 = Debug|Any CPU
		{00D27ED1-9D17-45B6-AE7A-F71A41451700}.AppStore|x86.ActiveCfg = Debug|Any CPU
		{00D27ED1-9D17-45B6-AE7A-F71A41451700}.AppStore|x86.Build.0 = Debug|Any CPU
		{00D27ED1-9D17-45B6-AE7A-F71A41451700}.Debug|Any CPU.ActiveCfg = Debug|Any CPU
		{00D27ED1-9D17-45B6-AE7A-F71A41451700}.Debug|Any CPU.Build.0 = Debug|Any CPU
		{00D27ED1-9D17-45B6-AE7A-F71A41451700}.Debug|ARM.ActiveCfg = Debug|Any CPU
		{00D27ED1-9D17-45B6-AE7A-F71A41451700}.Debug|ARM.Build.0 = Debug|Any CPU
		{00D27ED1-9D17-45B6-AE7A-F71A41451700}.Debug|iPhone.ActiveCfg = Debug|Any CPU
		{00D27ED1-9D17-45B6-AE7A-F71A41451700}.Debug|iPhone.Build.0 = Debug|Any CPU
		{00D27ED1-9D17-45B6-AE7A-F71A41451700}.Debug|iPhoneSimulator.ActiveCfg = Debug|Any CPU
		{00D27ED1-9D17-45B6-AE7A-F71A41451700}.Debug|iPhoneSimulator.Build.0 = Debug|Any CPU
		{00D27ED1-9D17-45B6-AE7A-F71A41451700}.Debug|x64.ActiveCfg = Debug|Any CPU
		{00D27ED1-9D17-45B6-AE7A-F71A41451700}.Debug|x64.Build.0 = Debug|Any CPU
		{00D27ED1-9D17-45B6-AE7A-F71A41451700}.Debug|x86.ActiveCfg = Debug|Any CPU
		{00D27ED1-9D17-45B6-AE7A-F71A41451700}.Debug|x86.Build.0 = Debug|Any CPU
		{00D27ED1-9D17-45B6-AE7A-F71A41451700}.Release|Any CPU.ActiveCfg = Release|Any CPU
		{00D27ED1-9D17-45B6-AE7A-F71A41451700}.Release|Any CPU.Build.0 = Release|Any CPU
		{00D27ED1-9D17-45B6-AE7A-F71A41451700}.Release|ARM.ActiveCfg = Release|Any CPU
		{00D27ED1-9D17-45B6-AE7A-F71A41451700}.Release|ARM.Build.0 = Release|Any CPU
		{00D27ED1-9D17-45B6-AE7A-F71A41451700}.Release|iPhone.ActiveCfg = Release|Any CPU
		{00D27ED1-9D17-45B6-AE7A-F71A41451700}.Release|iPhone.Build.0 = Release|Any CPU
		{00D27ED1-9D17-45B6-AE7A-F71A41451700}.Release|iPhoneSimulator.ActiveCfg = Release|Any CPU
		{00D27ED1-9D17-45B6-AE7A-F71A41451700}.Release|iPhoneSimulator.Build.0 = Release|Any CPU
		{00D27ED1-9D17-45B6-AE7A-F71A41451700}.Release|x64.ActiveCfg = Release|Any CPU
		{00D27ED1-9D17-45B6-AE7A-F71A41451700}.Release|x64.Build.0 = Release|Any CPU
		{00D27ED1-9D17-45B6-AE7A-F71A41451700}.Release|x86.ActiveCfg = Release|Any CPU
		{00D27ED1-9D17-45B6-AE7A-F71A41451700}.Release|x86.Build.0 = Release|Any CPU
	EndGlobalSection
	GlobalSection(SolutionProperties) = preSolution
		HideSolutionNode = FALSE
	EndGlobalSection
	GlobalSection(NestedProjects) = preSolution
		{93C8B387-AB73-43A8-B89B-15007E4A157C} = {F8345420-B785-439D-BEFA-D646712BF38C}
		{4A15FA30-C70A-48E5-8A08-ADEBCA5BFA1F} = {F8345420-B785-439D-BEFA-D646712BF38C}
		{87886E8A-CA29-4C61-9FC1-23480B07AA23} = {69C9EEBA-A474-41F9-9C34-865E43BEB948}
		{94EE57B3-8706-4161-B99D-01BB5DA78F73} = {69C9EEBA-A474-41F9-9C34-865E43BEB948}
		{3359D3BE-1E62-4EB4-8551-DFE1818D8B8C} = {F8345420-B785-439D-BEFA-D646712BF38C}
		{00D27ED1-9D17-45B6-AE7A-F71A41451700} = {F8345420-B785-439D-BEFA-D646712BF38C}
	EndGlobalSection
	GlobalSection(ExtensibilityGlobals) = postSolution
		SolutionGuid = {69862F08-F783-4E4C-BD68-3830581801DA}
	EndGlobalSection
EndGlobal
